
Microsoft Visual Studio Solution File, Format Version 12.00
# Visual Studio 15
VisualStudioVersion = 15.0.28307.106
MinimumVisualStudioVersion = 10.0.40219.1
Project("{9A19103F-16F7-4668-BE54-9A1E7A4F7556}") = "PushToWNS", "PushToWNS\PushToWNS.csproj", "{06B3517E-1ACF-45A9-8CFE-5F2A4C92CE92}"
EndProject
Project("{9A19103F-16F7-4668-BE54-9A1E7A4F7556}") = "PushToWNS-debugger", "PushToWNS-debugger\PushToWNS-debugger.csproj", "{B7CD85A1-C84E-4D16-92BC-2CA62BDDF85D}"
EndProject
Global
	GlobalSection(SolutionConfigurationPlatforms) = preSolution
		Debug|Any CPU = Debug|Any CPU
		Release|Any CPU = Release|Any CPU
	EndGlobalSection
	GlobalSection(ProjectConfigurationPlatforms) = postSolution
		{06B3517E-1ACF-45A9-8CFE-5F2A4C92CE92}.Debug|Any CPU.ActiveCfg = Debug|Any CPU
		{06B3517E-1ACF-45A9-8CFE-5F2A4C92CE92}.Debug|Any CPU.Build.0 = Debug|Any CPU
		{06B3517E-1ACF-45A9-8CFE-5F2A4C92CE92}.Release|Any CPU.ActiveCfg = Release|Any CPU
		{06B3517E-1ACF-45A9-8CFE-5F2A4C92CE92}.Release|Any CPU.Build.0 = Release|Any CPU
		{B7CD85A1-C84E-4D16-92BC-2CA62BDDF85D}.Debug|Any CPU.ActiveCfg = Debug|Any CPU
		{B7CD85A1-C84E-4D16-92BC-2CA62BDDF85D}.Debug|Any CPU.Build.0 = Debug|Any CPU
		{B7CD85A1-C84E-4D16-92BC-2CA62BDDF85D}.Release|Any CPU.ActiveCfg = Release|Any CPU
		{B7CD85A1-C84E-4D16-92BC-2CA62BDDF85D}.Release|Any CPU.Build.0 = Release|Any CPU
	EndGlobalSection
	GlobalSection(SolutionProperties) = preSolution
		HideSolutionNode = FALSE
	EndGlobalSection
	GlobalSection(ExtensibilityGlobals) = postSolution
		SolutionGuid = {39F4F604-0E55-434D-9713-70C6EC0EBB3C}
	EndGlobalSection
EndGlobal
